
Microsoft Visual Studio Solution File, Format Version 12.00
# Visual Studio Version 17
VisualStudioVersion = 17.4.33110.190
MinimumVisualStudioVersion = 10.0.40219.1
Project("{FAE04EC0-301F-11D3-BF4B-00C04F79EFBC}") = "TronDeTracNghiem", "WpfApplication1\TronDeTracNghiem.csproj", "{D8CEB997-DD6B-4A04-8B02-AD4794822A6B}"
EndProject
Project("{54435603-DBB4-11D2-8724-00A0C9A8B90C}") = "SetupProject", "SetupProject\SetupProject.vdproj", "{B50930B1-642F-49D7-BB78-76D730C3D3B7}"
EndProject
Global
	GlobalSection(SolutionConfigurationPlatforms) = preSolution
		Debug|Any CPU = Debug|Any CPU
		Release|Any CPU = Release|Any CPU
	EndGlobalSection
	GlobalSection(ProjectConfigurationPlatforms) = postSolution
		{D8CEB997-DD6B-4A04-8B02-AD4794822A6B}.Debug|Any CPU.ActiveCfg = Debug|Any CPU
		{D8CEB997-DD6B-4A04-8B02-AD4794822A6B}.Debug|Any CPU.Build.0 = Debug|Any CPU
		{D8CEB997-DD6B-4A04-8B02-AD4794822A6B}.Release|Any CPU.ActiveCfg = Release|Any CPU
		{D8CEB997-DD6B-4A04-8B02-AD4794822A6B}.Release|Any CPU.Build.0 = Release|Any CPU
		{B50930B1-642F-49D7-BB78-76D730C3D3B7}.Debug|Any CPU.ActiveCfg = Debug
		{B50930B1-642F-49D7-BB78-76D730C3D3B7}.Release|Any CPU.ActiveCfg = Release
	EndGlobalSection
	GlobalSection(SolutionProperties) = preSolution
		HideSolutionNode = FALSE
	EndGlobalSection
	GlobalSection(ExtensibilityGlobals) = postSolution
		SolutionGuid = {B7B3DEA5-BA3C-4B45-BB1B-95B68FFB8AF7}
	EndGlobalSection
EndGlobal
